
Microsoft Visual Studio Solution File, Format Version 12.00
# Visual Studio Version 16
VisualStudioVersion = 16.0.30114.105
MinimumVisualStudioVersion = 10.0.40219.1
Project("{FAE04EC0-301F-11D3-BF4B-00C04F79EFBC}") = "FleetApi.Domain", "FleetApi.Domain\FleetApi.Domain.csproj", "{49D346DC-1C5A-4F1C-8888-DABD8B818549}"
EndProject
Project("{FAE04EC0-301F-11D3-BF4B-00C04F79EFBC}") = "FleetApi.Data", "FleetApi.Data\FleetApi.Data.csproj", "{E2149D2A-FD58-4FB2-8481-91AB32A7A8E7}"
EndProject
Project("{FAE04EC0-301F-11D3-BF4B-00C04F79EFBC}") = "FleetApi.IoC", "FleetApi.IoC\FleetApi.IoC.csproj", "{C20E4F0E-7386-40AA-B197-A7ECDF6733BF}"
EndProject
Project("{FAE04EC0-301F-11D3-BF4B-00C04F79EFBC}") = "FleetApi.Api", "FleetApi.Api\FleetApi.Api.csproj", "{CC7BFCB9-16AA-4E9F-9AA8-831B1EA847CF}"
EndProject
Project("{FAE04EC0-301F-11D3-BF4B-00C04F79EFBC}") = "FleetApi.Application", "FleetApi.Application\FleetApi.Application.csproj", "{0EFD5EEA-BDE1-44E4-BB66-80BB89645104}"
EndProject
Global
	GlobalSection(SolutionConfigurationPlatforms) = preSolution
		Debug|Any CPU = Debug|Any CPU
		Release|Any CPU = Release|Any CPU
	EndGlobalSection
	GlobalSection(SolutionProperties) = preSolution
		HideSolutionNode = FALSE
	EndGlobalSection
	GlobalSection(ProjectConfigurationPlatforms) = postSolution
		{49D346DC-1C5A-4F1C-8888-DABD8B818549}.Debug|Any CPU.ActiveCfg = Debug|Any CPU
		{49D346DC-1C5A-4F1C-8888-DABD8B818549}.Debug|Any CPU.Build.0 = Debug|Any CPU
		{49D346DC-1C5A-4F1C-8888-DABD8B818549}.Release|Any CPU.ActiveCfg = Release|Any CPU
		{49D346DC-1C5A-4F1C-8888-DABD8B818549}.Release|Any CPU.Build.0 = Release|Any CPU
		{E2149D2A-FD58-4FB2-8481-91AB32A7A8E7}.Debug|Any CPU.ActiveCfg = Debug|Any CPU
		{E2149D2A-FD58-4FB2-8481-91AB32A7A8E7}.Debug|Any CPU.Build.0 = Debug|Any CPU
		{E2149D2A-FD58-4FB2-8481-91AB32A7A8E7}.Release|Any CPU.ActiveCfg = Release|Any CPU
		{E2149D2A-FD58-4FB2-8481-91AB32A7A8E7}.Release|Any CPU.Build.0 = Release|Any CPU
		{C20E4F0E-7386-40AA-B197-A7ECDF6733BF}.Debug|Any CPU.ActiveCfg = Debug|Any CPU
		{C20E4F0E-7386-40AA-B197-A7ECDF6733BF}.Debug|Any CPU.Build.0 = Debug|Any CPU
		{C20E4F0E-7386-40AA-B197-A7ECDF6733BF}.Release|Any CPU.ActiveCfg = Release|Any CPU
		{C20E4F0E-7386-40AA-B197-A7ECDF6733BF}.Release|Any CPU.Build.0 = Release|Any CPU
		{CC7BFCB9-16AA-4E9F-9AA8-831B1EA847CF}.Debug|Any CPU.ActiveCfg = Debug|Any CPU
		{CC7BFCB9-16AA-4E9F-9AA8-831B1EA847CF}.Debug|Any CPU.Build.0 = Debug|Any CPU
		{CC7BFCB9-16AA-4E9F-9AA8-831B1EA847CF}.Release|Any CPU.ActiveCfg = Release|Any CPU
		{CC7BFCB9-16AA-4E9F-9AA8-831B1EA847CF}.Release|Any CPU.Build.0 = Release|Any CPU
		{0EFD5EEA-BDE1-44E4-BB66-80BB89645104}.Debug|Any CPU.ActiveCfg = Debug|Any CPU
		{0EFD5EEA-BDE1-44E4-BB66-80BB89645104}.Debug|Any CPU.Build.0 = Debug|Any CPU
		{0EFD5EEA-BDE1-44E4-BB66-80BB89645104}.Release|Any CPU.ActiveCfg = Release|Any CPU
		{0EFD5EEA-BDE1-44E4-BB66-80BB89645104}.Release|Any CPU.Build.0 = Release|Any CPU
	EndGlobalSection
EndGlobal
